
Microsoft Visual Studio Solution File, Format Version 12.00
# Visual Studio 15
VisualStudioVersion = 15.0.26228.12
MinimumVisualStudioVersion = 10.0.40219.1
Project("{FAE04EC0-301F-11D3-BF4B-00C04F79EFBC}") = "ConsoleApp1", "ConsoleApp1\ConsoleApp1.csproj", "{591A3EF2-E5BF-4FC6-B3AB-AC9EE4B933CD}"
EndProject
Project("{FAE04EC0-301F-11D3-BF4B-00C04F79EFBC}") = "RabbitMQSender", "RabbitMQSender\RabbitMQSender.csproj", "{D7C92F94-1783-410B-B56C-FF4DC4A9036A}"
EndProject
Project("{FAE04EC0-301F-11D3-BF4B-00C04F79EFBC}") = "RabbitMQReceiver", "RabbitMQReceiver\RabbitMQReceiver.csproj", "{5DA85A50-3FEF-4BFD-9E8B-CCEA7CAA3348}"
EndProject
Global
	GlobalSection(SolutionConfigurationPlatforms) = preSolution
		Debug|Any CPU = Debug|Any CPU
		Release|Any CPU = Release|Any CPU
	EndGlobalSection
	GlobalSection(ProjectConfigurationPlatforms) = postSolution
		{591A3EF2-E5BF-4FC6-B3AB-AC9EE4B933CD}.Debug|Any CPU.ActiveCfg = Debug|Any CPU
		{591A3EF2-E5BF-4FC6-B3AB-AC9EE4B933CD}.Debug|Any CPU.Build.0 = Debug|Any CPU
		{591A3EF2-E5BF-4FC6-B3AB-AC9EE4B933CD}.Release|Any CPU.ActiveCfg = Release|Any CPU
		{591A3EF2-E5BF-4FC6-B3AB-AC9EE4B933CD}.Release|Any CPU.Build.0 = Release|Any CPU
		{D7C92F94-1783-410B-B56C-FF4DC4A9036A}.Debug|Any CPU.ActiveCfg = Debug|Any CPU
		{D7C92F94-1783-410B-B56C-FF4DC4A9036A}.Debug|Any CPU.Build.0 = Debug|Any CPU
		{D7C92F94-1783-410B-B56C-FF4DC4A9036A}.Release|Any CPU.ActiveCfg = Release|Any CPU
		{D7C92F94-1783-410B-B56C-FF4DC4A9036A}.Release|Any CPU.Build.0 = Release|Any CPU
		{5DA85A50-3FEF-4BFD-9E8B-CCEA7CAA3348}.Debug|Any CPU.ActiveCfg = Debug|Any CPU
		{5DA85A50-3FEF-4BFD-9E8B-CCEA7CAA3348}.Debug|Any CPU.Build.0 = Debug|Any CPU
		{5DA85A50-3FEF-4BFD-9E8B-CCEA7CAA3348}.Release|Any CPU.ActiveCfg = Release|Any CPU
		{5DA85A50-3FEF-4BFD-9E8B-CCEA7CAA3348}.Release|Any CPU.Build.0 = Release|Any CPU
	EndGlobalSection
	GlobalSection(SolutionProperties) = preSolution
		HideSolutionNode = FALSE
	EndGlobalSection
EndGlobal
